
Microsoft Visual Studio Solution File, Format Version 12.00
# Visual Studio Version 16
VisualStudioVersion = 16.0.30907.101
MinimumVisualStudioVersion = 10.0.40219.1
Project("{FAE04EC0-301F-11D3-BF4B-00C04F79EFBC}") = "CreditsWindowsForms", "CreditsWindowsForms.csproj", "{76B8E36A-E23D-4E33-925A-11579F81D75E}"
EndProject
Global
	GlobalSection(SolutionConfigurationPlatforms) = preSolution
		Debug|Any CPU = Debug|Any CPU
		Release|Any CPU = Release|Any CPU
	EndGlobalSection
	GlobalSection(ProjectConfigurationPlatforms) = postSolution
		{76B8E36A-E23D-4E33-925A-11579F81D75E}.Debug|Any CPU.ActiveCfg = Debug|Any CPU
		{76B8E36A-E23D-4E33-925A-11579F81D75E}.Debug|Any CPU.Build.0 = Debug|Any CPU
		{76B8E36A-E23D-4E33-925A-11579F81D75E}.Release|Any CPU.ActiveCfg = Release|Any CPU
		{76B8E36A-E23D-4E33-925A-11579F81D75E}.Release|Any CPU.Build.0 = Release|Any CPU
	EndGlobalSection
	GlobalSection(SolutionProperties) = preSolution
		HideSolutionNode = FALSE
	EndGlobalSection
	GlobalSection(ExtensibilityGlobals) = postSolution
		SolutionGuid = {42683752-FC20-4DF3-8A43-2CEA5B8BF141}
	EndGlobalSection
EndGlobal
